
Microsoft Visual Studio Solution File, Format Version 12.00
# Visual Studio 2013
VisualStudioVersion = 12.0.30501.0
MinimumVisualStudioVersion = 10.0.40219.1
Project("{8BC9CEB8-8B4A-11D0-8D11-00A0C91BC942}") = "DX11FBX", "DX11FBX\DX11FBX.vcxproj", "{ABCE16DD-B33A-444A-8DAB-019F74D2F41C}"
EndProject
Project("{8BC9CEB8-8B4A-11D0-8D11-00A0C91BC942}") = "DX11Lib", "..\DX11Lib\DX11Lib\DX11Lib.vcxproj", "{F28F55B8-A0A2-4D1A-AD7A-BC3515C7E94C}"
EndProject
Global
	GlobalSection(SolutionConfigurationPlatforms) = preSolution
		Debug|Win32 = Debug|Win32
		Release|Win32 = Release|Win32
	EndGlobalSection
	GlobalSection(ProjectConfigurationPlatforms) = postSolution
		{ABCE16DD-B33A-444A-8DAB-019F74D2F41C}.Debug|Win32.ActiveCfg = Debug|Win32
		{ABCE16DD-B33A-444A-8DAB-019F74D2F41C}.Debug|Win32.Build.0 = Debug|Win32
		{ABCE16DD-B33A-444A-8DAB-019F74D2F41C}.Release|Win32.ActiveCfg = Release|Win32
		{ABCE16DD-B33A-444A-8DAB-019F74D2F41C}.Release|Win32.Build.0 = Release|Win32
		{F28F55B8-A0A2-4D1A-AD7A-BC3515C7E94C}.Debug|Win32.ActiveCfg = Debug|Win32
		{F28F55B8-A0A2-4D1A-AD7A-BC3515C7E94C}.Debug|Win32.Build.0 = Debug|Win32
		{F28F55B8-A0A2-4D1A-AD7A-BC3515C7E94C}.Release|Win32.ActiveCfg = Release|Win32
		{F28F55B8-A0A2-4D1A-AD7A-BC3515C7E94C}.Release|Win32.Build.0 = Release|Win32
	EndGlobalSection
	GlobalSection(SolutionProperties) = preSolution
		HideSolutionNode = FALSE
	EndGlobalSection
EndGlobal
